{
  "version": 4,
  "terraform_version": "1.14.3",
  "serial": 115,
  "lineage": "73104a64-a324-52d6-0c97-95db710b8d8d",
  "outputs": {
    "add_product_url": {
      "value": "https://add-product-b432xl5c5a-ew.a.run.app",
      "type": "string"
    },
    "check_prices_url": {
      "value": "https://europe-west1-priceping-480812.cloudfunctions.net/check-prices",
      "type": "string"
    },
    "delete_product_url": {
      "value": "https://delete-product-b432xl5c5a-ew.a.run.app",
      "type": "string"
    },
    "get_products_url": {
      "value": "https://get-products-b432xl5c5a-ew.a.run.app",
      "type": "string"
    }
  },
  "resources": [
    {
      "mode": "managed",
      "type": "google_cloud_run_service_iam_member",
      "name": "add_product_invoker",
      "provider": "provider[\"registry.terraform.io/hashicorp/google\"]",
      "instances": [
        {
          "schema_version": 0,
          "attributes": {
            "condition": [],
            "etag": "BwZIbw7BK2A=",
            "id": "v1/projects/priceping-480812/locations/europe-west1/services/add-product/roles/run.invoker/allUsers",
            "location": "europe-west1",
            "member": "allUsers",
            "project": "priceping-480812",
            "role": "roles/run.invoker",
            "service": "v1/projects/priceping-480812/locations/europe-west1/services/add-product"
          },
          "sensitive_attributes": [],
          "identity_schema_version": 0,
          "private": "bnVsbA==",
          "dependencies": [
            "google_cloudfunctions2_function.add_product",
            "google_storage_bucket.functions"
          ]
        }
      ]
    },
    {
      "mode": "managed",
      "type": "google_cloud_run_service_iam_member",
      "name": "delete_product_invoker",
      "provider": "provider[\"registry.terraform.io/hashicorp/google\"]",
      "instances": [
        {
          "schema_version": 0,
          "attributes": {
            "condition": [],
            "etag": "BwZIrnZ13OE=",
            "id": "v1/projects/priceping-480812/locations/europe-west1/services/delete-product/roles/run.invoker/allUsers",
            "location": "europe-west1",
            "member": "allUsers",
            "project": "priceping-480812",
            "role": "roles/run.invoker",
            "service": "v1/projects/priceping-480812/locations/europe-west1/services/delete-product"
          },
          "sensitive_attributes": [],
          "identity_schema_version": 0,
          "private": "bnVsbA==",
          "dependencies": [
            "google_cloudfunctions2_function.delete_product",
            "google_storage_bucket.functions"
          ]
        }
      ]
    },
    {
      "mode": "managed",
      "type": "google_cloud_run_service_iam_member",
      "name": "get_products_invoker",
      "provider": "provider[\"registry.terraform.io/hashicorp/google\"]",
      "instances": [
        {
          "schema_version": 0,
          "attributes": {
            "condition": [],
            "etag": "BwZIbw7CDHk=",
            "id": "v1/projects/priceping-480812/locations/europe-west1/services/get-products/roles/run.invoker/allUsers",
            "location": "europe-west1",
            "member": "allUsers",
            "project": "priceping-480812",
            "role": "roles/run.invoker",
            "service": "v1/projects/priceping-480812/locations/europe-west1/services/get-products"
          },
          "sensitive_attributes": [],
          "identity_schema_version": 0,
          "private": "bnVsbA==",
          "dependencies": [
            "google_cloudfunctions2_function.get_products",
            "google_storage_bucket.functions"
          ]
        }
      ]
    },
    {
      "mode": "managed",
      "type": "google_cloud_scheduler_job",
      "name": "check_prices",
      "provider": "provider[\"registry.terraform.io/hashicorp/google\"]",
      "instances": [
        {
          "schema_version": 0,
          "attributes": {
            "app_engine_http_target": [],
            "attempt_deadline": "180s",
            "description": "",
            "http_target": [
              {
                "body": "",
                "headers": {},
                "http_method": "GET",
                "oauth_token": [],
                "oidc_token": [],
                "uri": "https://europe-west1-priceping-480812.cloudfunctions.net/check-prices"
              }
            ],
            "id": "projects/priceping-480812/locations/europe-west1/jobs/check-prices-job",
            "name": "check-prices-job",
            "paused": false,
            "project": "priceping-480812",
            "pubsub_target": [],
            "region": "europe-west1",
            "retry_config": [],
            "schedule": "0 * * * *",
            "state": "ENABLED",
            "time_zone": "Europe/Warsaw",
            "timeouts": null
          },
          "sensitive_attributes": [],
          "identity_schema_version": 0,
          "private": "eyJlMmJmYjczMC1lY2FhLTExZTYtOGY4OC0zNDM2M2JjN2M0YzAiOnsiY3JlYXRlIjoxMjAwMDAwMDAwMDAwLCJkZWxldGUiOjEyMDAwMDAwMDAwMDAsInVwZGF0ZSI6MTIwMDAwMDAwMDAwMH19",
          "dependencies": [
            "google_cloudfunctions_function.check_prices",
            "google_storage_bucket.functions"
          ]
        }
      ]
    },
    {
      "mode": "managed",
      "type": "google_cloudfunctions2_function",
      "name": "add_product",
      "provider": "provider[\"registry.terraform.io/hashicorp/google\"]",
      "instances": [
        {
          "schema_version": 0,
          "attributes": {
            "build_config": [
              {
                "automatic_update_policy": [
                  {}
                ],
                "build": "projects/1094232207624/locations/europe-west1/builds/2dbc10f6-2dd5-4de5-921b-f0fd7cd1b7c3",
                "docker_repository": "projects/priceping-480812/locations/europe-west1/repositories/gcf-artifacts",
                "entry_point": "add_product",
                "environment_variables": {},
                "on_deploy_update_policy": [],
                "runtime": "python310",
                "service_account": "projects/priceping-480812/serviceAccounts/1094232207624-compute@developer.gserviceaccount.com",
                "source": [
                  {
                    "repo_source": [],
                    "storage_source": [
                      {
                        "bucket": "priceping-480812-functions-src",
                        "generation": 1768487363397949,
                        "object": "functions.zip"
                      }
                    ]
                  }
                ],
                "worker_pool": ""
              }
            ],
            "description": "",
            "effective_labels": {},
            "environment": "GEN_2",
            "event_trigger": [],
            "id": "projects/priceping-480812/locations/europe-west1/functions/add-product",
            "kms_key_name": "",
            "labels": {},
            "location": "europe-west1",
            "name": "add-product",
            "project": "priceping-480812",
            "service_config": [
              {
                "all_traffic_on_latest_revision": true,
                "available_cpu": "0.1666",
                "available_memory": "512M",
                "environment_variables": {
                  "LOG_EXECUTION_ID": "true"
                },
                "gcf_uri": "",
                "ingress_settings": "ALLOW_ALL",
                "max_instance_count": 83,
                "max_instance_request_concurrency": 1,
                "min_instance_count": 0,
                "secret_environment_variables": [],
                "secret_volumes": [],
                "service": "projects/priceping-480812/locations/europe-west1/services/add-product",
                "service_account_email": "1094232207624-compute@developer.gserviceaccount.com",
                "timeout_seconds": 60,
                "uri": "https://add-product-b432xl5c5a-ew.a.run.app",
                "vpc_connector": "",
                "vpc_connector_egress_settings": ""
              }
            ],
            "state": "ACTIVE",
            "terraform_labels": {},
            "timeouts": null,
            "update_time": "2026-01-15T15:37:18.892819448Z",
            "url": "https://europe-west1-priceping-480812.cloudfunctions.net/add-product"
          },
          "sensitive_attributes": [],
          "identity_schema_version": 0,
          "private": "eyJlMmJmYjczMC1lY2FhLTExZTYtOGY4OC0zNDM2M2JjN2M0YzAiOnsiY3JlYXRlIjozNjAwMDAwMDAwMDAwLCJkZWxldGUiOjM2MDAwMDAwMDAwMDAsInVwZGF0ZSI6MzYwMDAwMDAwMDAwMH19",
          "dependencies": [
            "google_storage_bucket.functions"
          ]
        }
      ]
    },
    {
      "mode": "managed",
      "type": "google_cloudfunctions2_function",
      "name": "delete_product",
      "provider": "provider[\"registry.terraform.io/hashicorp/google\"]",
      "instances": [
        {
          "schema_version": 0,
          "attributes": {
            "build_config": [
              {
                "automatic_update_policy": [
                  {}
                ],
                "build": "projects/1094232207624/locations/europe-west1/builds/647f2bee-a936-4919-87ab-5aea3a379604",
                "docker_repository": "projects/priceping-480812/locations/europe-west1/repositories/gcf-artifacts",
                "entry_point": "delete_product",
                "environment_variables": {},
                "on_deploy_update_policy": [],
                "runtime": "python310",
                "service_account": "projects/priceping-480812/serviceAccounts/1094232207624-compute@developer.gserviceaccount.com",
                "source": [
                  {
                    "repo_source": [],
                    "storage_source": [
                      {
                        "bucket": "priceping-480812-functions-src",
                        "generation": 1768763875244501,
                        "object": "functions.zip"
                      }
                    ]
                  }
                ],
                "worker_pool": ""
              }
            ],
            "description": "",
            "effective_labels": {},
            "environment": "GEN_2",
            "event_trigger": [],
            "id": "projects/priceping-480812/locations/europe-west1/functions/delete-product",
            "kms_key_name": "",
            "labels": {},
            "location": "europe-west1",
            "name": "delete-product",
            "project": "priceping-480812",
            "service_config": [
              {
                "all_traffic_on_latest_revision": true,
                "available_cpu": "0.1666",
                "available_memory": "256M",
                "environment_variables": {
                  "LOG_EXECUTION_ID": "true"
                },
                "gcf_uri": "",
                "ingress_settings": "ALLOW_ALL",
                "max_instance_count": 0,
                "max_instance_request_concurrency": 1,
                "min_instance_count": 0,
                "secret_environment_variables": [],
                "secret_volumes": [],
                "service": "projects/priceping-480812/locations/europe-west1/services/delete-product",
                "service_account_email": "1094232207624-compute@developer.gserviceaccount.com",
                "timeout_seconds": 30,
                "uri": "https://delete-product-b432xl5c5a-ew.a.run.app",
                "vpc_connector": "",
                "vpc_connector_egress_settings": ""
              }
            ],
            "state": "ACTIVE",
            "terraform_labels": {},
            "timeouts": null,
            "update_time": "2026-01-18T19:20:03.242309479Z",
            "url": "https://europe-west1-priceping-480812.cloudfunctions.net/delete-product"
          },
          "sensitive_attributes": [],
          "identity_schema_version": 0,
          "private": "eyJlMmJmYjczMC1lY2FhLTExZTYtOGY4OC0zNDM2M2JjN2M0YzAiOnsiY3JlYXRlIjozNjAwMDAwMDAwMDAwLCJkZWxldGUiOjM2MDAwMDAwMDAwMDAsInVwZGF0ZSI6MzYwMDAwMDAwMDAwMH19",
          "dependencies": [
            "google_storage_bucket.functions"
          ]
        }
      ]
    },
    {
      "mode": "managed",
      "type": "google_cloudfunctions2_function",
      "name": "get_products",
      "provider": "provider[\"registry.terraform.io/hashicorp/google\"]",
      "instances": [
        {
          "schema_version": 0,
          "attributes": {
            "build_config": [
              {
                "automatic_update_policy": [
                  {}
                ],
                "build": "projects/1094232207624/locations/europe-west1/builds/d7c40c37-1a61-4b03-9c68-9aab07e87295",
                "docker_repository": "projects/priceping-480812/locations/europe-west1/repositories/gcf-artifacts",
                "entry_point": "get_products",
                "environment_variables": {},
                "on_deploy_update_policy": [],
                "runtime": "python310",
                "service_account": "projects/priceping-480812/serviceAccounts/1094232207624-compute@developer.gserviceaccount.com",
                "source": [
                  {
                    "repo_source": [],
                    "storage_source": [
                      {
                        "bucket": "priceping-480812-functions-src",
                        "generation": 1768487363534658,
                        "object": "functions.zip"
                      }
                    ]
                  }
                ],
                "worker_pool": ""
              }
            ],
            "description": "",
            "effective_labels": {},
            "environment": "GEN_2",
            "event_trigger": [],
            "id": "projects/priceping-480812/locations/europe-west1/functions/get-products",
            "kms_key_name": "",
            "labels": {},
            "location": "europe-west1",
            "name": "get-products",
            "project": "priceping-480812",
            "service_config": [
              {
                "all_traffic_on_latest_revision": true,
                "available_cpu": "0.1666",
                "available_memory": "512M",
                "environment_variables": {
                  "LOG_EXECUTION_ID": "true"
                },
                "gcf_uri": "",
                "ingress_settings": "ALLOW_ALL",
                "max_instance_count": 83,
                "max_instance_request_concurrency": 1,
                "min_instance_count": 0,
                "secret_environment_variables": [],
                "secret_volumes": [],
                "service": "projects/priceping-480812/locations/europe-west1/services/get-products",
                "service_account_email": "1094232207624-compute@developer.gserviceaccount.com",
                "timeout_seconds": 60,
                "uri": "https://get-products-b432xl5c5a-ew.a.run.app",
                "vpc_connector": "",
                "vpc_connector_egress_settings": ""
              }
            ],
            "state": "ACTIVE",
            "terraform_labels": {},
            "timeouts": null,
            "update_time": "2026-01-15T15:37:24.267652376Z",
            "url": "https://europe-west1-priceping-480812.cloudfunctions.net/get-products"
          },
          "sensitive_attributes": [],
          "identity_schema_version": 0,
          "private": "eyJlMmJmYjczMC1lY2FhLTExZTYtOGY4OC0zNDM2M2JjN2M0YzAiOnsiY3JlYXRlIjozNjAwMDAwMDAwMDAwLCJkZWxldGUiOjM2MDAwMDAwMDAwMDAsInVwZGF0ZSI6MzYwMDAwMDAwMDAwMH19",
          "dependencies": [
            "google_storage_bucket.functions"
          ]
        }
      ]
    },
    {
      "mode": "managed",
      "type": "google_cloudfunctions_function",
      "name": "check_prices",
      "provider": "provider[\"registry.terraform.io/hashicorp/google\"]",
      "instances": [
        {
          "schema_version": 0,
          "attributes": {
            "available_memory_mb": 512,
            "build_environment_variables": null,
            "build_service_account": "projects/priceping-480812/serviceAccounts/1094232207624-compute@developer.gserviceaccount.com",
            "build_worker_pool": "",
            "description": "",
            "docker_registry": "ARTIFACT_REGISTRY",
            "docker_repository": "",
            "effective_labels": {},
            "entry_point": "check_prices",
            "environment_variables": {},
            "event_trigger": [],
            "https_trigger_security_level": "SECURE_OPTIONAL",
            "https_trigger_url": "https://europe-west1-priceping-480812.cloudfunctions.net/check-prices",
            "id": "projects/priceping-480812/locations/europe-west1/functions/check-prices",
            "ingress_settings": "ALLOW_ALL",
            "kms_key_name": "",
            "labels": {},
            "max_instances": 0,
            "min_instances": 0,
            "name": "check-prices",
            "project": "priceping-480812",
            "region": "europe-west1",
            "runtime": "python310",
            "secret_environment_variables": [],
            "secret_volumes": [],
            "service_account_email": "priceping-480812@appspot.gserviceaccount.com",
            "source_archive_bucket": "priceping-480812-functions-src",
            "source_archive_object": "functions.zip",
            "source_repository": [],
            "status": "ACTIVE",
            "terraform_labels": {},
            "timeout": 540,
            "timeouts": null,
            "trigger_http": true,
            "version_id": "2",
            "vpc_connector": "",
            "vpc_connector_egress_settings": ""
          },
          "sensitive_attributes": [],
          "identity_schema_version": 0,
          "private": "eyJlMmJmYjczMC1lY2FhLTExZTYtOGY4OC0zNDM2M2JjN2M0YzAiOnsiY3JlYXRlIjozMDAwMDAwMDAwMDAsImRlbGV0ZSI6MzAwMDAwMDAwMDAwLCJyZWFkIjozMDAwMDAwMDAwMDAsInVwZGF0ZSI6MzAwMDAwMDAwMDAwfX0=",
          "dependencies": [
            "google_storage_bucket.functions"
          ]
        }
      ]
    },
    {
      "mode": "managed",
      "type": "google_cloudfunctions_function_iam_member",
      "name": "check_prices_invoker",
      "provider": "provider[\"registry.terraform.io/hashicorp/google\"]",
      "instances": [
        {
          "schema_version": 0,
          "attributes": {
            "cloud_function": "projects/priceping-480812/locations/europe-west1/functions/check-prices",
            "condition": [],
            "etag": "BwZIk7F6IkA=",
            "id": "projects/priceping-480812/locations/europe-west1/functions/check-prices/roles/cloudfunctions.invoker/allUsers",
            "member": "allUsers",
            "project": "priceping-480812",
            "region": "europe-west1",
            "role": "roles/cloudfunctions.invoker"
          },
          "sensitive_attributes": [],
          "identity_schema_version": 0,
          "private": "bnVsbA==",
          "dependencies": [
            "google_cloudfunctions_function.check_prices",
            "google_storage_bucket.functions"
          ]
        }
      ]
    },
    {
      "mode": "managed",
      "type": "google_firestore_database",
      "name": "default",
      "provider": "provider[\"registry.terraform.io/hashicorp/google\"]",
      "instances": [
        {
          "schema_version": 0,
          "attributes": {
            "app_engine_integration_mode": "DISABLED",
            "cmek_config": [],
            "concurrency_mode": "PESSIMISTIC",
            "create_time": "",
            "delete_protection_state": "DELETE_PROTECTION_DISABLED",
            "deletion_policy": "ABANDON",
            "earliest_version_time": "2026-01-19T09:44:20.543589Z",
            "etag": "IPqi+Py1l5IDMKuQpfLctZED",
            "id": "projects/priceping-480812/databases/(default)",
            "key_prefix": "",
            "location_id": "europe-west1",
            "name": "(default)",
            "point_in_time_recovery_enablement": "POINT_IN_TIME_RECOVERY_DISABLED",
            "project": "priceping-480812",
            "timeouts": null,
            "type": "FIRESTORE_NATIVE",
            "uid": "a73100e0-b609-41ea-8da5-0c157aedcc1c",
            "update_time": "",
            "version_retention_period": "3600s"
          },
          "sensitive_attributes": [],
          "identity_schema_version": 0,
          "private": "eyJlMmJmYjczMC1lY2FhLTExZTYtOGY4OC0zNDM2M2JjN2M0YzAiOnsiY3JlYXRlIjoxMjAwMDAwMDAwMDAwLCJkZWxldGUiOjEyMDAwMDAwMDAwMDAsInVwZGF0ZSI6MTIwMDAwMDAwMDAwMH0sInNjaGVtYV92ZXJzaW9uIjoiMCJ9"
        }
      ]
    },
    {
      "mode": "managed",
      "type": "google_project_iam_member",
      "name": "firestore_access",
      "provider": "provider[\"registry.terraform.io/hashicorp/google\"]",
      "instances": [
        {
          "schema_version": 0,
          "attributes": {
            "condition": [],
            "etag": "BwZIbdKVHV0=",
            "id": "priceping-480812/roles/datastore.user/serviceAccount:priceping-480812@appspot.gserviceaccount.com",
            "member": "serviceAccount:priceping-480812@appspot.gserviceaccount.com",
            "project": "priceping-480812",
            "role": "roles/datastore.user"
          },
          "sensitive_attributes": [],
          "identity_schema_version": 0,
          "private": "bnVsbA=="
        }
      ]
    },
    {
      "mode": "managed",
      "type": "google_storage_bucket",
      "name": "frontend",
      "provider": "provider[\"registry.terraform.io/hashicorp/google\"]",
      "instances": [
        {
          "schema_version": 2,
          "attributes": {
            "autoclass": [],
            "cors": [],
            "custom_placement_config": [],
            "default_event_based_hold": false,
            "effective_labels": {},
            "enable_object_retention": false,
            "encryption": [],
            "force_destroy": false,
            "id": "priceping-480812-frontend",
            "labels": {},
            "lifecycle_rule": [],
            "location": "EU",
            "logging": [],
            "name": "priceping-480812-frontend",
            "project": "priceping-480812",
            "project_number": 1094232207624,
            "public_access_prevention": "inherited",
            "requester_pays": false,
            "retention_policy": [],
            "rpo": "DEFAULT",
            "self_link": "https://www.googleapis.com/storage/v1/b/priceping-480812-frontend",
            "soft_delete_policy": [
              {
                "effective_time": "2026-01-15T14:12:58.151Z",
                "retention_duration_seconds": 604800
              }
            ],
            "storage_class": "STANDARD",
            "terraform_labels": {},
            "timeouts": null,
            "uniform_bucket_level_access": true,
            "url": "gs://priceping-480812-frontend",
            "versioning": [],
            "website": [
              {
                "main_page_suffix": "index.html",
                "not_found_page": "index.html"
              }
            ]
          },
          "sensitive_attributes": [],
          "identity_schema_version": 0,
          "private": "eyJlMmJmYjczMC1lY2FhLTExZTYtOGY4OC0zNDM2M2JjN2M0YzAiOnsiY3JlYXRlIjo2MDAwMDAwMDAwMDAsInJlYWQiOjI0MDAwMDAwMDAwMCwidXBkYXRlIjoyNDAwMDAwMDAwMDB9LCJzY2hlbWFfdmVyc2lvbiI6IjIifQ=="
        }
      ]
    },
    {
      "mode": "managed",
      "type": "google_storage_bucket",
      "name": "functions",
      "provider": "provider[\"registry.terraform.io/hashicorp/google\"]",
      "instances": [
        {
          "schema_version": 2,
          "attributes": {
            "autoclass": [],
            "cors": [],
            "custom_placement_config": [],
            "default_event_based_hold": false,
            "effective_labels": {},
            "enable_object_retention": false,
            "encryption": [],
            "force_destroy": false,
            "id": "priceping-480812-functions-src",
            "labels": {},
            "lifecycle_rule": [],
            "location": "EUROPE-WEST1",
            "logging": [],
            "name": "priceping-480812-functions-src",
            "project": "priceping-480812",
            "project_number": 1094232207624,
            "public_access_prevention": "inherited",
            "requester_pays": false,
            "retention_policy": [],
            "rpo": null,
            "self_link": "https://www.googleapis.com/storage/v1/b/priceping-480812-functions-src",
            "soft_delete_policy": [
              {
                "effective_time": "2026-01-15T14:12:58.007Z",
                "retention_duration_seconds": 604800
              }
            ],
            "storage_class": "STANDARD",
            "terraform_labels": {},
            "timeouts": null,
            "uniform_bucket_level_access": false,
            "url": "gs://priceping-480812-functions-src",
            "versioning": [],
            "website": []
          },
          "sensitive_attributes": [],
          "identity_schema_version": 0,
          "private": "eyJlMmJmYjczMC1lY2FhLTExZTYtOGY4OC0zNDM2M2JjN2M0YzAiOnsiY3JlYXRlIjo2MDAwMDAwMDAwMDAsInJlYWQiOjI0MDAwMDAwMDAwMCwidXBkYXRlIjoyNDAwMDAwMDAwMDB9LCJzY2hlbWFfdmVyc2lvbiI6IjIifQ=="
        }
      ]
    },
    {
      "mode": "managed",
      "type": "google_storage_bucket_iam_member",
      "name": "frontend_public",
      "provider": "provider[\"registry.terraform.io/hashicorp/google\"]",
      "instances": [
        {
          "schema_version": 0,
          "attributes": {
            "bucket": "b/priceping-480812-frontend",
            "condition": [],
            "etag": "CAI=",
            "id": "b/priceping-480812-frontend/roles/storage.objectViewer/allUsers",
            "member": "allUsers",
            "role": "roles/storage.objectViewer"
          },
          "sensitive_attributes": [],
          "identity_schema_version": 0,
          "private": "bnVsbA==",
          "dependencies": [
            "google_storage_bucket.frontend"
          ]
        }
      ]
    },
    {
      "mode": "managed",
      "type": "google_storage_bucket_object",
      "name": "frontend_files",
      "provider": "provider[\"registry.terraform.io/hashicorp/google\"]",
      "instances": [
        {
          "index_key": "asset-manifest.json",
          "schema_version": 0,
          "attributes": {
            "bucket": "priceping-480812-frontend",
            "cache_control": "",
            "content": null,
            "content_disposition": "",
            "content_encoding": "",
            "content_language": "",
            "content_type": "text/plain; charset=utf-8",
            "crc32c": "KT9PLA==",
            "customer_encryption": [],
            "detect_md5hash": "lU3l5F1BA9GeIeSXksbk1w==",
            "event_based_hold": false,
            "generation": 1768765686273025,
            "id": "priceping-480812-frontend-asset-manifest.json",
            "kms_key_name": "",
            "md5hash": "lU3l5F1BA9GeIeSXksbk1w==",
            "media_link": "https://storage.googleapis.com/download/storage/v1/b/priceping-480812-frontend/o/asset-manifest.json?generation=1768765686273025\u0026alt=media",
            "metadata": {},
            "name": "asset-manifest.json",
            "output_name": "asset-manifest.json",
            "retention": [],
            "self_link": "https://www.googleapis.com/storage/v1/b/priceping-480812-frontend/o/asset-manifest.json",
            "source": "../frontend/build/asset-manifest.json",
            "storage_class": "STANDARD",
            "temporary_hold": false,
            "timeouts": null
          },
          "sensitive_attributes": [
            [
              {
                "type": "get_attr",
                "value": "content"
              }
            ]
          ],
          "identity_schema_version": 0,
          "private": "eyJlMmJmYjczMC1lY2FhLTExZTYtOGY4OC0zNDM2M2JjN2M0YzAiOnsiY3JlYXRlIjoyNDAwMDAwMDAwMDAsImRlbGV0ZSI6MjQwMDAwMDAwMDAwLCJ1cGRhdGUiOjI0MDAwMDAwMDAwMH19",
          "dependencies": [
            "google_storage_bucket.frontend"
          ]
        },
        {
          "index_key": "favicon.ico",
          "schema_version": 0,
          "attributes": {
            "bucket": "priceping-480812-frontend",
            "cache_control": "",
            "content": null,
            "content_disposition": "",
            "content_encoding": "",
            "content_language": "",
            "content_type": "image/x-icon",
            "crc32c": "TWYGDg==",
            "customer_encryption": [],
            "detect_md5hash": "ySuFpbkHxwIR9Owl4pqMSg==",
            "event_based_hold": false,
            "generation": 1768488037837436,
            "id": "priceping-480812-frontend-favicon.ico",
            "kms_key_name": "",
            "md5hash": "ySuFpbkHxwIR9Owl4pqMSg==",
            "media_link": "https://storage.googleapis.com/download/storage/v1/b/priceping-480812-frontend/o/favicon.ico?generation=1768488037837436\u0026alt=media",
            "metadata": {},
            "name": "favicon.ico",
            "output_name": "favicon.ico",
            "retention": [],
            "self_link": "https://www.googleapis.com/storage/v1/b/priceping-480812-frontend/o/favicon.ico",
            "source": "../frontend/build/favicon.ico",
            "storage_class": "STANDARD",
            "temporary_hold": false,
            "timeouts": null
          },
          "sensitive_attributes": [
            [
              {
                "type": "get_attr",
                "value": "content"
              }
            ]
          ],
          "identity_schema_version": 0,
          "private": "eyJlMmJmYjczMC1lY2FhLTExZTYtOGY4OC0zNDM2M2JjN2M0YzAiOnsiY3JlYXRlIjoyNDAwMDAwMDAwMDAsImRlbGV0ZSI6MjQwMDAwMDAwMDAwLCJ1cGRhdGUiOjI0MDAwMDAwMDAwMH19",
          "dependencies": [
            "google_storage_bucket.frontend"
          ]
        },
        {
          "index_key": "index.html",
          "schema_version": 0,
          "attributes": {
            "bucket": "priceping-480812-frontend",
            "cache_control": "",
            "content": null,
            "content_disposition": "",
            "content_encoding": "",
            "content_language": "",
            "content_type": "text/html; charset=utf-8",
            "crc32c": "tDErqQ==",
            "customer_encryption": [],
            "detect_md5hash": "Xkeh/xsL6lMCeBNR5EMa/g==",
            "event_based_hold": false,
            "generation": 1768765686218975,
            "id": "priceping-480812-frontend-index.html",
            "kms_key_name": "",
            "md5hash": "Xkeh/xsL6lMCeBNR5EMa/g==",
            "media_link": "https://storage.googleapis.com/download/storage/v1/b/priceping-480812-frontend/o/index.html?generation=1768765686218975\u0026alt=media",
            "metadata": {},
            "name": "index.html",
            "output_name": "index.html",
            "retention": [],
            "self_link": "https://www.googleapis.com/storage/v1/b/priceping-480812-frontend/o/index.html",
            "source": "../frontend/build/index.html",
            "storage_class": "STANDARD",
            "temporary_hold": false,
            "timeouts": null
          },
          "sensitive_attributes": [
            [
              {
                "type": "get_attr",
                "value": "content"
              }
            ]
          ],
          "identity_schema_version": 0,
          "private": "eyJlMmJmYjczMC1lY2FhLTExZTYtOGY4OC0zNDM2M2JjN2M0YzAiOnsiY3JlYXRlIjoyNDAwMDAwMDAwMDAsImRlbGV0ZSI6MjQwMDAwMDAwMDAwLCJ1cGRhdGUiOjI0MDAwMDAwMDAwMH19",
          "dependencies": [
            "google_storage_bucket.frontend"
          ]
        },
        {
          "index_key": "logo192.png",
          "schema_version": 0,
          "attributes": {
            "bucket": "priceping-480812-frontend",
            "cache_control": "",
            "content": null,
            "content_disposition": "",
            "content_encoding": "",
            "content_language": "",
            "content_type": "image/png",
            "crc32c": "s1lfAQ==",
            "customer_encryption": [],
            "detect_md5hash": "M9vdAXdUk1Pu63hdAsKUrw==",
            "event_based_hold": false,
            "generation": 1768488037611390,
            "id": "priceping-480812-frontend-logo192.png",
            "kms_key_name": "",
            "md5hash": "M9vdAXdUk1Pu63hdAsKUrw==",
            "media_link": "https://storage.googleapis.com/download/storage/v1/b/priceping-480812-frontend/o/logo192.png?generation=1768488037611390\u0026alt=media",
            "metadata": {},
            "name": "logo192.png",
            "output_name": "logo192.png",
            "retention": [],
            "self_link": "https://www.googleapis.com/storage/v1/b/priceping-480812-frontend/o/logo192.png",
            "source": "../frontend/build/logo192.png",
            "storage_class": "STANDARD",
            "temporary_hold": false,
            "timeouts": null
          },
          "sensitive_attributes": [
            [
              {
                "type": "get_attr",
                "value": "content"
              }
            ]
          ],
          "identity_schema_version": 0,
          "private": "eyJlMmJmYjczMC1lY2FhLTExZTYtOGY4OC0zNDM2M2JjN2M0YzAiOnsiY3JlYXRlIjoyNDAwMDAwMDAwMDAsImRlbGV0ZSI6MjQwMDAwMDAwMDAwLCJ1cGRhdGUiOjI0MDAwMDAwMDAwMH19",
          "dependencies": [
            "google_storage_bucket.frontend"
          ]
        },
        {
          "index_key": "logo512.png",
          "schema_version": 0,
          "attributes": {
            "bucket": "priceping-480812-frontend",
            "cache_control": "",
            "content": null,
            "content_disposition": "",
            "content_encoding": "",
            "content_language": "",
            "content_type": "image/png",
            "crc32c": "RfRqlQ==",
            "customer_encryption": [],
            "detect_md5hash": "kXUV23TqjRruaiRs+8wLRQ==",
            "event_based_hold": false,
            "generation": 1768488037537615,
            "id": "priceping-480812-frontend-logo512.png",
            "kms_key_name": "",
            "md5hash": "kXUV23TqjRruaiRs+8wLRQ==",
            "media_link": "https://storage.googleapis.com/download/storage/v1/b/priceping-480812-frontend/o/logo512.png?generation=1768488037537615\u0026alt=media",
            "metadata": {},
            "name": "logo512.png",
            "output_name": "logo512.png",
            "retention": [],
            "self_link": "https://www.googleapis.com/storage/v1/b/priceping-480812-frontend/o/logo512.png",
            "source": "../frontend/build/logo512.png",
            "storage_class": "STANDARD",
            "temporary_hold": false,
            "timeouts": null
          },
          "sensitive_attributes": [
            [
              {
                "type": "get_attr",
                "value": "content"
              }
            ]
          ],
          "identity_schema_version": 0,
          "private": "eyJlMmJmYjczMC1lY2FhLTExZTYtOGY4OC0zNDM2M2JjN2M0YzAiOnsiY3JlYXRlIjoyNDAwMDAwMDAwMDAsImRlbGV0ZSI6MjQwMDAwMDAwMDAwLCJ1cGRhdGUiOjI0MDAwMDAwMDAwMH19",
          "dependencies": [
            "google_storage_bucket.frontend"
          ]
        },
        {
          "index_key": "manifest.json",
          "schema_version": 0,
          "attributes": {
            "bucket": "priceping-480812-frontend",
            "cache_control": "",
            "content": null,
            "content_disposition": "",
            "content_encoding": "",
            "content_language": "",
            "content_type": "text/plain; charset=utf-8",
            "crc32c": "ERlHAw==",
            "customer_encryption": [],
            "detect_md5hash": "2dl1zr4uwgtsZS4eTBLM8A==",
            "event_based_hold": false,
            "generation": 1768488037626419,
            "id": "priceping-480812-frontend-manifest.json",
            "kms_key_name": "",
            "md5hash": "2dl1zr4uwgtsZS4eTBLM8A==",
            "media_link": "https://storage.googleapis.com/download/storage/v1/b/priceping-480812-frontend/o/manifest.json?generation=1768488037626419\u0026alt=media",
            "metadata": {},
            "name": "manifest.json",
            "output_name": "manifest.json",
            "retention": [],
            "self_link": "https://www.googleapis.com/storage/v1/b/priceping-480812-frontend/o/manifest.json",
            "source": "../frontend/build/manifest.json",
            "storage_class": "STANDARD",
            "temporary_hold": false,
            "timeouts": null
          },
          "sensitive_attributes": [
            [
              {
                "type": "get_attr",
                "value": "content"
              }
            ]
          ],
          "identity_schema_version": 0,
          "private": "eyJlMmJmYjczMC1lY2FhLTExZTYtOGY4OC0zNDM2M2JjN2M0YzAiOnsiY3JlYXRlIjoyNDAwMDAwMDAwMDAsImRlbGV0ZSI6MjQwMDAwMDAwMDAwLCJ1cGRhdGUiOjI0MDAwMDAwMDAwMH19",
          "dependencies": [
            "google_storage_bucket.frontend"
          ]
        },
        {
          "index_key": "robots.txt",
          "schema_version": 0,
          "attributes": {
            "bucket": "priceping-480812-frontend",
            "cache_control": "",
            "content": null,
            "content_disposition": "",
            "content_encoding": "",
            "content_language": "",
            "content_type": "text/plain; charset=utf-8",
            "crc32c": "yUKu7g==",
            "customer_encryption": [],
            "detect_md5hash": "+h3tHtfBFDipsDhbHhEoUA==",
            "event_based_hold": false,
            "generation": 1768488037565916,
            "id": "priceping-480812-frontend-robots.txt",
            "kms_key_name": "",
            "md5hash": "+h3tHtfBFDipsDhbHhEoUA==",
            "media_link": "https://storage.googleapis.com/download/storage/v1/b/priceping-480812-frontend/o/robots.txt?generation=1768488037565916\u0026alt=media",
            "metadata": {},
            "name": "robots.txt",
            "output_name": "robots.txt",
            "retention": [],
            "self_link": "https://www.googleapis.com/storage/v1/b/priceping-480812-frontend/o/robots.txt",
            "source": "../frontend/build/robots.txt",
            "storage_class": "STANDARD",
            "temporary_hold": false,
            "timeouts": null
          },
          "sensitive_attributes": [
            [
              {
                "type": "get_attr",
                "value": "content"
              }
            ]
          ],
          "identity_schema_version": 0,
          "private": "eyJlMmJmYjczMC1lY2FhLTExZTYtOGY4OC0zNDM2M2JjN2M0YzAiOnsiY3JlYXRlIjoyNDAwMDAwMDAwMDAsImRlbGV0ZSI6MjQwMDAwMDAwMDAwLCJ1cGRhdGUiOjI0MDAwMDAwMDAwMH19",
          "dependencies": [
            "google_storage_bucket.frontend"
          ]
        },
        {
          "index_key": "static/css/main.e6c13ad2.css",
          "schema_version": 0,
          "attributes": {
            "bucket": "priceping-480812-frontend",
            "cache_control": "",
            "content": null,
            "content_disposition": "",
            "content_encoding": "",
            "content_language": "",
            "content_type": "text/plain; charset=utf-8",
            "crc32c": "DXHo6Q==",
            "customer_encryption": [],
            "detect_md5hash": "n2/XuJr3N/6f9oSaWFAbGw==",
            "event_based_hold": false,
            "generation": 1768488037710297,
            "id": "priceping-480812-frontend-static/css/main.e6c13ad2.css",
            "kms_key_name": "",
            "md5hash": "n2/XuJr3N/6f9oSaWFAbGw==",
            "media_link": "https://storage.googleapis.com/download/storage/v1/b/priceping-480812-frontend/o/static%2Fcss%2Fmain.e6c13ad2.css?generation=1768488037710297\u0026alt=media",
            "metadata": {},
            "name": "static/css/main.e6c13ad2.css",
            "output_name": "static/css/main.e6c13ad2.css",
            "retention": [],
            "self_link": "https://www.googleapis.com/storage/v1/b/priceping-480812-frontend/o/static%2Fcss%2Fmain.e6c13ad2.css",
            "source": "../frontend/build/static/css/main.e6c13ad2.css",
            "storage_class": "STANDARD",
            "temporary_hold": false,
            "timeouts": null
          },
          "sensitive_attributes": [
            [
              {
                "type": "get_attr",
                "value": "content"
              }
            ]
          ],
          "identity_schema_version": 0,
          "private": "eyJlMmJmYjczMC1lY2FhLTExZTYtOGY4OC0zNDM2M2JjN2M0YzAiOnsiY3JlYXRlIjoyNDAwMDAwMDAwMDAsImRlbGV0ZSI6MjQwMDAwMDAwMDAwLCJ1cGRhdGUiOjI0MDAwMDAwMDAwMH19",
          "dependencies": [
            "google_storage_bucket.frontend"
          ]
        },
        {
          "index_key": "static/css/main.e6c13ad2.css.map",
          "schema_version": 0,
          "attributes": {
            "bucket": "priceping-480812-frontend",
            "cache_control": "",
            "content": null,
            "content_disposition": "",
            "content_encoding": "",
            "content_language": "",
            "content_type": "text/plain; charset=utf-8",
            "crc32c": "TM8GHA==",
            "customer_encryption": [],
            "detect_md5hash": "7QH4cN2VhXDS7q3mn0TDWA==",
            "event_based_hold": false,
            "generation": 1768488037825279,
            "id": "priceping-480812-frontend-static/css/main.e6c13ad2.css.map",
            "kms_key_name": "",
            "md5hash": "7QH4cN2VhXDS7q3mn0TDWA==",
            "media_link": "https://storage.googleapis.com/download/storage/v1/b/priceping-480812-frontend/o/static%2Fcss%2Fmain.e6c13ad2.css.map?generation=1768488037825279\u0026alt=media",
            "metadata": {},
            "name": "static/css/main.e6c13ad2.css.map",
            "output_name": "static/css/main.e6c13ad2.css.map",
            "retention": [],
            "self_link": "https://www.googleapis.com/storage/v1/b/priceping-480812-frontend/o/static%2Fcss%2Fmain.e6c13ad2.css.map",
            "source": "../frontend/build/static/css/main.e6c13ad2.css.map",
            "storage_class": "STANDARD",
            "temporary_hold": false,
            "timeouts": null
          },
          "sensitive_attributes": [
            [
              {
                "type": "get_attr",
                "value": "content"
              }
            ]
          ],
          "identity_schema_version": 0,
          "private": "eyJlMmJmYjczMC1lY2FhLTExZTYtOGY4OC0zNDM2M2JjN2M0YzAiOnsiY3JlYXRlIjoyNDAwMDAwMDAwMDAsImRlbGV0ZSI6MjQwMDAwMDAwMDAwLCJ1cGRhdGUiOjI0MDAwMDAwMDAwMH19",
          "dependencies": [
            "google_storage_bucket.frontend"
          ]
        },
        {
          "index_key": "static/js/453.d7446e4a.chunk.js",
          "schema_version": 0,
          "attributes": {
            "bucket": "priceping-480812-frontend",
            "cache_control": "",
            "content": null,
            "content_disposition": "",
            "content_encoding": "",
            "content_language": "",
            "content_type": "text/plain; charset=utf-8",
            "crc32c": "41i/Gw==",
            "customer_encryption": [],
            "detect_md5hash": "a1LbfcmA2vOTYOGRmtN75w==",
            "event_based_hold": false,
            "generation": 1768488037846539,
            "id": "priceping-480812-frontend-static/js/453.d7446e4a.chunk.js",
            "kms_key_name": "",
            "md5hash": "a1LbfcmA2vOTYOGRmtN75w==",
            "media_link": "https://storage.googleapis.com/download/storage/v1/b/priceping-480812-frontend/o/static%2Fjs%2F453.d7446e4a.chunk.js?generation=1768488037846539\u0026alt=media",
            "metadata": {},
            "name": "static/js/453.d7446e4a.chunk.js",
            "output_name": "static/js/453.d7446e4a.chunk.js",
            "retention": [],
            "self_link": "https://www.googleapis.com/storage/v1/b/priceping-480812-frontend/o/static%2Fjs%2F453.d7446e4a.chunk.js",
            "source": "../frontend/build/static/js/453.d7446e4a.chunk.js",
            "storage_class": "STANDARD",
            "temporary_hold": false,
            "timeouts": null
          },
          "sensitive_attributes": [
            [
              {
                "type": "get_attr",
                "value": "content"
              }
            ]
          ],
          "identity_schema_version": 0,
          "private": "eyJlMmJmYjczMC1lY2FhLTExZTYtOGY4OC0zNDM2M2JjN2M0YzAiOnsiY3JlYXRlIjoyNDAwMDAwMDAwMDAsImRlbGV0ZSI6MjQwMDAwMDAwMDAwLCJ1cGRhdGUiOjI0MDAwMDAwMDAwMH19",
          "dependencies": [
            "google_storage_bucket.frontend"
          ]
        },
        {
          "index_key": "static/js/453.d7446e4a.chunk.js.map",
          "schema_version": 0,
          "attributes": {
            "bucket": "priceping-480812-frontend",
            "cache_control": "",
            "content": null,
            "content_disposition": "",
            "content_encoding": "",
            "content_language": "",
            "content_type": "text/plain; charset=utf-8",
            "crc32c": "HKc1JA==",
            "customer_encryption": [],
            "detect_md5hash": "rOVjfkit/DtydJhnTKoSKw==",
            "event_based_hold": false,
            "generation": 1768488037547427,
            "id": "priceping-480812-frontend-static/js/453.d7446e4a.chunk.js.map",
            "kms_key_name": "",
            "md5hash": "rOVjfkit/DtydJhnTKoSKw==",
            "media_link": "https://storage.googleapis.com/download/storage/v1/b/priceping-480812-frontend/o/static%2Fjs%2F453.d7446e4a.chunk.js.map?generation=1768488037547427\u0026alt=media",
            "metadata": {},
            "name": "static/js/453.d7446e4a.chunk.js.map",
            "output_name": "static/js/453.d7446e4a.chunk.js.map",
            "retention": [],
            "self_link": "https://www.googleapis.com/storage/v1/b/priceping-480812-frontend/o/static%2Fjs%2F453.d7446e4a.chunk.js.map",
            "source": "../frontend/build/static/js/453.d7446e4a.chunk.js.map",
            "storage_class": "STANDARD",
            "temporary_hold": false,
            "timeouts": null
          },
          "sensitive_attributes": [
            [
              {
                "type": "get_attr",
                "value": "content"
              }
            ]
          ],
          "identity_schema_version": 0,
          "private": "eyJlMmJmYjczMC1lY2FhLTExZTYtOGY4OC0zNDM2M2JjN2M0YzAiOnsiY3JlYXRlIjoyNDAwMDAwMDAwMDAsImRlbGV0ZSI6MjQwMDAwMDAwMDAwLCJ1cGRhdGUiOjI0MDAwMDAwMDAwMH19",
          "dependencies": [
            "google_storage_bucket.frontend"
          ]
        },
        {
          "index_key": "static/js/main.1755804a.js",
          "schema_version": 0,
          "attributes": {
            "bucket": "priceping-480812-frontend",
            "cache_control": "",
            "content": null,
            "content_disposition": "",
            "content_encoding": "",
            "content_language": "",
            "content_type": "text/plain; charset=utf-8",
            "crc32c": "lSGj1g==",
            "customer_encryption": [],
            "detect_md5hash": "ulKYygr5xGK+K1UFE4m5GA==",
            "event_based_hold": false,
            "generation": 1768765686288879,
            "id": "priceping-480812-frontend-static/js/main.1755804a.js",
            "kms_key_name": "",
            "md5hash": "ulKYygr5xGK+K1UFE4m5GA==",
            "media_link": "https://storage.googleapis.com/download/storage/v1/b/priceping-480812-frontend/o/static%2Fjs%2Fmain.1755804a.js?generation=1768765686288879\u0026alt=media",
            "metadata": {},
            "name": "static/js/main.1755804a.js",
            "output_name": "static/js/main.1755804a.js",
            "retention": [],
            "self_link": "https://www.googleapis.com/storage/v1/b/priceping-480812-frontend/o/static%2Fjs%2Fmain.1755804a.js",
            "source": "../frontend/build/static/js/main.1755804a.js",
            "storage_class": "STANDARD",
            "temporary_hold": false,
            "timeouts": null
          },
          "sensitive_attributes": [
            [
              {
                "type": "get_attr",
                "value": "content"
              }
            ]
          ],
          "identity_schema_version": 0,
          "private": "eyJlMmJmYjczMC1lY2FhLTExZTYtOGY4OC0zNDM2M2JjN2M0YzAiOnsiY3JlYXRlIjoyNDAwMDAwMDAwMDAsImRlbGV0ZSI6MjQwMDAwMDAwMDAwLCJ1cGRhdGUiOjI0MDAwMDAwMDAwMH19",
          "dependencies": [
            "google_storage_bucket.frontend"
          ]
        },
        {
          "index_key": "static/js/main.1755804a.js.LICENSE.txt",
          "schema_version": 0,
          "attributes": {
            "bucket": "priceping-480812-frontend",
            "cache_control": "",
            "content": null,
            "content_disposition": "",
            "content_encoding": "",
            "content_language": "",
            "content_type": "text/plain; charset=utf-8",
            "crc32c": "wBImQA==",
            "customer_encryption": [],
            "detect_md5hash": "zM+kXNo/csTrs/svS6U6cQ==",
            "event_based_hold": false,
            "generation": 1768765686267618,
            "id": "priceping-480812-frontend-static/js/main.1755804a.js.LICENSE.txt",
            "kms_key_name": "",
            "md5hash": "zM+kXNo/csTrs/svS6U6cQ==",
            "media_link": "https://storage.googleapis.com/download/storage/v1/b/priceping-480812-frontend/o/static%2Fjs%2Fmain.1755804a.js.LICENSE.txt?generation=1768765686267618\u0026alt=media",
            "metadata": {},
            "name": "static/js/main.1755804a.js.LICENSE.txt",
            "output_name": "static/js/main.1755804a.js.LICENSE.txt",
            "retention": [],
            "self_link": "https://www.googleapis.com/storage/v1/b/priceping-480812-frontend/o/static%2Fjs%2Fmain.1755804a.js.LICENSE.txt",
            "source": "../frontend/build/static/js/main.1755804a.js.LICENSE.txt",
            "storage_class": "STANDARD",
            "temporary_hold": false,
            "timeouts": null
          },
          "sensitive_attributes": [
            [
              {
                "type": "get_attr",
                "value": "content"
              }
            ]
          ],
          "identity_schema_version": 0,
          "private": "eyJlMmJmYjczMC1lY2FhLTExZTYtOGY4OC0zNDM2M2JjN2M0YzAiOnsiY3JlYXRlIjoyNDAwMDAwMDAwMDAsImRlbGV0ZSI6MjQwMDAwMDAwMDAwLCJ1cGRhdGUiOjI0MDAwMDAwMDAwMH19",
          "dependencies": [
            "google_storage_bucket.frontend"
          ]
        },
        {
          "index_key": "static/js/main.1755804a.js.map",
          "schema_version": 0,
          "attributes": {
            "bucket": "priceping-480812-frontend",
            "cache_control": "",
            "content": null,
            "content_disposition": "",
            "content_encoding": "",
            "content_language": "",
            "content_type": "text/plain; charset=utf-8",
            "crc32c": "Z9lnFA==",
            "customer_encryption": [],
            "detect_md5hash": "LWIsk9mLlNnooIcNPBug/A==",
            "event_based_hold": false,
            "generation": 1768765686403303,
            "id": "priceping-480812-frontend-static/js/main.1755804a.js.map",
            "kms_key_name": "",
            "md5hash": "LWIsk9mLlNnooIcNPBug/A==",
            "media_link": "https://storage.googleapis.com/download/storage/v1/b/priceping-480812-frontend/o/static%2Fjs%2Fmain.1755804a.js.map?generation=1768765686403303\u0026alt=media",
            "metadata": {},
            "name": "static/js/main.1755804a.js.map",
            "output_name": "static/js/main.1755804a.js.map",
            "retention": [],
            "self_link": "https://www.googleapis.com/storage/v1/b/priceping-480812-frontend/o/static%2Fjs%2Fmain.1755804a.js.map",
            "source": "../frontend/build/static/js/main.1755804a.js.map",
            "storage_class": "STANDARD",
            "temporary_hold": false,
            "timeouts": null
          },
          "sensitive_attributes": [
            [
              {
                "type": "get_attr",
                "value": "content"
              }
            ]
          ],
          "identity_schema_version": 0,
          "private": "eyJlMmJmYjczMC1lY2FhLTExZTYtOGY4OC0zNDM2M2JjN2M0YzAiOnsiY3JlYXRlIjoyNDAwMDAwMDAwMDAsImRlbGV0ZSI6MjQwMDAwMDAwMDAwLCJ1cGRhdGUiOjI0MDAwMDAwMDAwMH19",
          "dependencies": [
            "google_storage_bucket.frontend"
          ]
        }
      ]
    }
  ],
  "check_results": null
}
